// !$*UTF8*$!
{
	archiveVersion = 1;
	classes = {
	};
	objectVersion = 55;
	objects = {

/* Begin PBXBuildFile section */
		2D90D5DB8FCC9C9A807127B5 /* Pods_ParstagramTests.framework in Frameworks */ = {isa = PBXBuildFile; fileRef = 14F386A1C0A427C9D6B8A4F6 /* Pods_ParstagramTests.framework */; };
		65E74DD528F3182700EDFFB6 /* AppDelegate.swift in Sources */ = {isa = PBXBuildFile; fileRef = 65E74DD428F3182700EDFFB6 /* AppDelegate.swift */; };
		65E74DD728F3182700EDFFB6 /* SceneDelegate.swift in Sources */ = {isa = PBXBuildFile; fileRef = 65E74DD628F3182700EDFFB6 /* SceneDelegate.swift */; };
		65E74DDC28F3182700EDFFB6 /* Main.storyboard in Resources */ = {isa = PBXBuildFile; fileRef = 65E74DDA28F3182700EDFFB6 /* Main.storyboard */; };
		65E74DDE28F3182A00EDFFB6 /* Assets.xcassets in Resources */ = {isa = PBXBuildFile; fileRef = 65E74DDD28F3182A00EDFFB6 /* Assets.xcassets */; };
		65E74DE128F3182A00EDFFB6 /* LaunchScreen.storyboard in Resources */ = {isa = PBXBuildFile; fileRef = 65E74DDF28F3182A00EDFFB6 /* LaunchScreen.storyboard */; };
		65E74DEC28F3182B00EDFFB6 /* ParstagramTests.swift in Sources */ = {isa = PBXBuildFile; fileRef = 65E74DEB28F3182B00EDFFB6 /* ParstagramTests.swift */; };
		65E74DF628F3182B00EDFFB6 /* ParstagramUITests.swift in Sources */ = {isa = PBXBuildFile; fileRef = 65E74DF528F3182B00EDFFB6 /* ParstagramUITests.swift */; };
		65E74DF828F3182B00EDFFB6 /* ParstagramUITestsLaunchTests.swift in Sources */ = {isa = PBXBuildFile; fileRef = 65E74DF728F3182B00EDFFB6 /* ParstagramUITestsLaunchTests.swift */; };
		65EBC6F428F34319004CCEDF /* LoginViewController.swift in Sources */ = {isa = PBXBuildFile; fileRef = 65EBC6F328F34319004CCEDF /* LoginViewController.swift */; };
		65EBC6F628F34333004CCEDF /* FeedViewController.swift in Sources */ = {isa = PBXBuildFile; fileRef = 65EBC6F528F34333004CCEDF /* FeedViewController.swift */; };
		65EBC6F828F35731004CCEDF /* CameraViewController.swift in Sources */ = {isa = PBXBuildFile; fileRef = 65EBC6F728F35730004CCEDF /* CameraViewController.swift */; };
		65EBC6FC28F483F9004CCEDF /* PostCell.swift in Sources */ = {isa = PBXBuildFile; fileRef = 65EBC6FB28F483F9004CCEDF /* PostCell.swift */; };
		8B942A65E20D0023AEF859FD /* Pods_Parstagram_ParstagramUITests.framework in Frameworks */ = {isa = PBXBuildFile; fileRef = 92CD64751FFA8E3FDF82913D /* Pods_Parstagram_ParstagramUITests.framework */; };
		BB3E11E433B22B7251F9975C /* Pods_Parstagram.framework in Frameworks */ = {isa = PBXBuildFile; fileRef = 98F834CD5E60938CF51EBECF /* Pods_Parstagram.framework */; };
/* End PBXBuildFile section */

/* Begin PBXContainerItemProxy section */
		65E74DE828F3182B00EDFFB6 /* PBXContainerItemProxy */ = {
			isa = PBXContainerItemProxy;
			containerPortal = 65E74DC928F3182700EDFFB6 /* Project object */;
			proxyType = 1;
			remoteGlobalIDString = 65E74DD028F3182700EDFFB6;
			remoteInfo = Parstagram;
		};
		65E74DF228F3182B00EDFFB6 /* PBXContainerItemProxy */ = {
			isa = PBXContainerItemProxy;
			containerPortal = 65E74DC928F3182700EDFFB6 /* Project object */;
			proxyType = 1;
			remoteGlobalIDString = 65E74DD028F3182700EDFFB6;
			remoteInfo = Parstagram;
		};
/* End PBXContainerItemProxy section */

/* Begin PBXFileReference section */
		09049D3E4A2C250FA77A5F2A /* Pods-ParstagramTests.release.xcconfig */ = {isa = PBXFileReference; includeInIndex = 1; lastKnownFileType = text.xcconfig; name = "Pods-ParstagramTests.release.xcconfig"; path = "Target Support Files/Pods-ParstagramTests/Pods-ParstagramTests.release.xcconfig"; sourceTree = "<group>"; };
		14484FDA0D296F04415FEBA6 /* Pods-Parstagram.debug.xcconfig */ = {isa = PBXFileReference; includeInIndex = 1; lastKnownFileType = text.xcconfig; name = "Pods-Parstagram.debug.xcconfig"; path = "Target Support Files/Pods-Parstagram/Pods-Parstagram.debug.xcconfig"; sourceTree = "<group>"; };
		14F386A1C0A427C9D6B8A4F6 /* Pods_ParstagramTests.framework */ = {isa = PBXFileReference; explicitFileType = wrapper.framework; includeInIndex = 0; path = Pods_ParstagramTests.framework; sourceTree = BUILT_PRODUCTS_DIR; };
		15054123AD9F13077FF61725 /* Pods-Parstagram-ParstagramUITests.debug.xcconfig */ = {isa = PBXFileReference; includeInIndex = 1; lastKnownFileType = text.xcconfig; name = "Pods-Parstagram-ParstagramUITests.debug.xcconfig"; path = "Target Support Files/Pods-Parstagram-ParstagramUITests/Pods-Parstagram-ParstagramUITests.debug.xcconfig"; sourceTree = "<group>"; };
		18FC6421074AC6F59DE899A3 /* Pods-Parstagram.release.xcconfig */ = {isa = PBXFileReference; includeInIndex = 1; lastKnownFileType = text.xcconfig; name = "Pods-Parstagram.release.xcconfig"; path = "Target Support Files/Pods-Parstagram/Pods-Parstagram.release.xcconfig"; sourceTree = "<group>"; };
		65E74DD128F3182700EDFFB6 /* Parstagram.app */ = {isa = PBXFileReference; explicitFileType = wrapper.application; includeInIndex = 0; path = Parstagram.app; sourceTree = BUILT_PRODUCTS_DIR; };
		65E74DD428F3182700EDFFB6 /* AppDelegate.swift */ = {isa = PBXFileReference; lastKnownFileType = sourcecode.swift; path = AppDelegate.swift; sourceTree = "<group>"; };
		65E74DD628F3182700EDFFB6 /* SceneDelegate.swift */ = {isa = PBXFileReference; lastKnownFileType = sourcecode.swift; path = SceneDelegate.swift; sourceTree = "<group>"; };
		65E74DDB28F3182700EDFFB6 /* Base */ = {isa = PBXFileReference; lastKnownFileType = file.storyboard; name = Base; path = Base.lproj/Main.storyboard; sourceTree = "<group>"; };
		65E74DDD28F3182A00EDFFB6 /* Assets.xcassets */ = {isa = PBXFileReference; lastKnownFileType = folder.assetcatalog; path = Assets.xcassets; sourceTree = "<group>"; };
		65E74DE028F3182A00EDFFB6 /* Base */ = {isa = PBXFileReference; lastKnownFileType = file.storyboard; name = Base; path = Base.lproj/LaunchScreen.storyboard; sourceTree = "<group>"; };
		65E74DE228F3182A00EDFFB6 /* Info.plist */ = {isa = PBXFileReference; lastKnownFileType = text.plist.xml; path = Info.plist; sourceTree = "<group>"; };
		65E74DE728F3182B00EDFFB6 /* ParstagramTests.xctest */ = {isa = PBXFileReference; explicitFileType = wrapper.cfbundle; includeInIndex = 0; path = ParstagramTests.xctest; sourceTree = BUILT_PRODUCTS_DIR; };
		65E74DEB28F3182B00EDFFB6 /* ParstagramTests.swift */ = {isa = PBXFileReference; lastKnownFileType = sourcecode.swift; path = ParstagramTests.swift; sourceTree = "<group>"; };
		65E74DF128F3182B00EDFFB6 /* ParstagramUITests.xctest */ = {isa = PBXFileReference; explicitFileType = wrapper.cfbundle; includeInIndex = 0; path = ParstagramUITests.xctest; sourceTree = BUILT_PRODUCTS_DIR; };
		65E74DF528F3182B00EDFFB6 /* ParstagramUITests.swift */ = {isa = PBXFileReference; lastKnownFileType = sourcecode.swift; path = ParstagramUITests.swift; sourceTree = "<group>"; };
		65E74DF728F3182B00EDFFB6 /* ParstagramUITestsLaunchTests.swift */ = {isa = PBXFileReference; lastKnownFileType = sourcecode.swift; path = ParstagramUITestsLaunchTests.swift; sourceTree = "<group>"; };
		65EBC6F328F34319004CCEDF /* LoginViewController.swift */ = {isa = PBXFileReference; lastKnownFileType = sourcecode.swift; path = LoginViewController.swift; sourceTree = "<group>"; };
		65EBC6F528F34333004CCEDF /* FeedViewController.swift */ = {isa = PBXFileReference; lastKnownFileType = sourcecode.swift; path = FeedViewController.swift; sourceTree = "<group>"; };
		65EBC6F728F35730004CCEDF /* CameraViewController.swift */ = {isa = PBXFileReference; lastKnownFileType = sourcecode.swift; path = CameraViewController.swift; sourceTree = "<group>"; };
		65EBC6FB28F483F9004CCEDF /* PostCell.swift */ = {isa = PBXFileReference; lastKnownFileType = sourcecode.swift; path = PostCell.swift; sourceTree = "<group>"; };
		92CD64751FFA8E3FDF82913D /* Pods_Parstagram_ParstagramUITests.framework */ = {isa = PBXFileReference; explicitFileType = wrapper.framework; includeInIndex = 0; path = Pods_Parstagram_ParstagramUITests.framework; sourceTree = BUILT_PRODUCTS_DIR; };
		98F834CD5E60938CF51EBECF /* Pods_Parstagram.framework */ = {isa = PBXFileReference; explicitFileType = wrapper.framework; includeInIndex = 0; path = Pods_Parstagram.framework; sourceTree = BUILT_PRODUCTS_DIR; };
		C0AB7BA1697BF8C8AA8556A3 /* Pods-Parstagram-ParstagramUITests.release.xcconfig */ = {isa = PBXFileReference; includeInIndex = 1; lastKnownFileType = text.xcconfig; name = "Pods-Parstagram-ParstagramUITests.release.xcconfig"; path = "Target Support Files/Pods-Parstagram-ParstagramUITests/Pods-Parstagram-ParstagramUITests.release.xcconfig"; sourceTree = "<group>"; };
		CE4A93E223A0F082935049AF /* Pods-ParstagramTests.debug.xcconfig */ = {isa = PBXFileReference; includeInIndex = 1; lastKnownFileType = text.xcconfig; name = "Pods-ParstagramTests.debug.xcconfig"; path = "Target Support Files/Pods-ParstagramTests/Pods-ParstagramTests.debug.xcconfig"; sourceTree = "<group>"; };
/* End PBXFileReference section */

/* Begin PBXFrameworksBuildPhase section */
		65E74DCE28F3182700EDFFB6 /* Frameworks */ = {
			isa = PBXFrameworksBuildPhase;
			buildActionMask = 2147483647;
			files = (
				BB3E11E433B22B7251F9975C /* Pods_Parstagram.framework in Frameworks */,
			);
			runOnlyForDeploymentPostprocessing = 0;
		};
		65E74DE428F3182B00EDFFB6 /* Frameworks */ = {
			isa = PBXFrameworksBuildPhase;
			buildActionMask = 2147483647;
			files = (
				2D90D5DB8FCC9C9A807127B5 /* Pods_ParstagramTests.framework in Frameworks */,
			);
			runOnlyForDeploymentPostprocessing = 0;
		};
		65E74DEE28F3182B00EDFFB6 /* Frameworks */ = {
			isa = PBXFrameworksBuildPhase;
			buildActionMask = 2147483647;
			files = (
				8B942A65E20D0023AEF859FD /* Pods_Parstagram_ParstagramUITests.framework in Frameworks */,
			);
			runOnlyForDeploymentPostprocessing = 0;
		};
/* End PBXFrameworksBuildPhase section */

/* Begin PBXGroup section */
		102F81B977D1D9F4B3255F3A /* Frameworks */ = {
			isa = PBXGroup;
			children = (
				98F834CD5E60938CF51EBECF /* Pods_Parstagram.framework */,
				92CD64751FFA8E3FDF82913D /* Pods_Parstagram_ParstagramUITests.framework */,
				14F386A1C0A427C9D6B8A4F6 /* Pods_ParstagramTests.framework */,
			);
			name = Frameworks;
			sourceTree = "<group>";
		};
		65E74DC828F3182700EDFFB6 = {
			isa = PBXGroup;
			children = (
				65E74DD328F3182700EDFFB6 /* Parstagram */,
				65E74DEA28F3182B00EDFFB6 /* ParstagramTests */,
				65E74DF428F3182B00EDFFB6 /* ParstagramUITests */,
				65E74DD228F3182700EDFFB6 /* Products */,
				E95B50B184BC64831767EC4C /* Pods */,
				102F81B977D1D9F4B3255F3A /* Frameworks */,
			);
			sourceTree = "<group>";
		};
		65E74DD228F3182700EDFFB6 /* Products */ = {
			isa = PBXGroup;
			children = (
				65E74DD128F3182700EDFFB6 /* Parstagram.app */,
				65E74DE728F3182B00EDFFB6 /* ParstagramTests.xctest */,
				65E74DF128F3182B00EDFFB6 /* ParstagramUITests.xctest */,
			);
			name = Products;
			sourceTree = "<group>";
		};
		65E74DD328F3182700EDFFB6 /* Parstagram */ = {
			isa = PBXGroup;
			children = (
				65E74DD428F3182700EDFFB6 /* AppDelegate.swift */,
				65E74DD628F3182700EDFFB6 /* SceneDelegate.swift */,
				65E74DDA28F3182700EDFFB6 /* Main.storyboard */,
				65E74DDD28F3182A00EDFFB6 /* Assets.xcassets */,
				65E74DDF28F3182A00EDFFB6 /* LaunchScreen.storyboard */,
				65E74DE228F3182A00EDFFB6 /* Info.plist */,
				65EBC6F328F34319004CCEDF /* LoginViewController.swift */,
				65EBC6F528F34333004CCEDF /* FeedViewController.swift */,
				65EBC6F728F35730004CCEDF /* CameraViewController.swift */,
				65EBC6FB28F483F9004CCEDF /* PostCell.swift */,
			);
			path = Parstagram;
			sourceTree = "<group>";
		};
		65E74DEA28F3182B00EDFFB6 /* ParstagramTests */ = {
			isa = PBXGroup;
			children = (
				65E74DEB28F3182B00EDFFB6 /* ParstagramTests.swift */,
			);
			path = ParstagramTests;
			sourceTree = "<group>";
		};
		65E74DF428F3182B00EDFFB6 /* ParstagramUITests */ = {
			isa = PBXGroup;
			children = (
				65E74DF528F3182B00EDFFB6 /* ParstagramUITests.swift */,
				65E74DF728F3182B00EDFFB6 /* ParstagramUITestsLaunchTests.swift */,
			);
			path = ParstagramUITests;
			sourceTree = "<group>";
		};
		E95B50B184BC64831767EC4C /* Pods */ = {
			isa = PBXGroup;
			children = (
				14484FDA0D296F04415FEBA6 /* Pods-Parstagram.debug.xcconfig */,
				18FC6421074AC6F59DE899A3 /* Pods-Parstagram.release.xcconfig */,
				15054123AD9F13077FF61725 /* Pods-Parstagram-ParstagramUITests.debug.xcconfig */,
				C0AB7BA1697BF8C8AA8556A3 /* Pods-Parstagram-ParstagramUITests.release.xcconfig */,
				CE4A93E223A0F082935049AF /* Pods-ParstagramTests.debug.xcconfig */,
				09049D3E4A2C250FA77A5F2A /* Pods-ParstagramTests.release.xcconfig */,
			);
			path = Pods;
			sourceTree = "<group>";
		};
/* End PBXGroup section */

/* Begin PBXNativeTarget section */
		65E74DD028F3182700EDFFB6 /* Parstagram */ = {
			isa = PBXNativeTarget;
			buildConfigurationList = 65E74DFB28F3182B00EDFFB6 /* Build configuration list for PBXNativeTarget "Parstagram" */;
			buildPhases = (
				84444B5173B8E0B0B0498228 /* [CP] Check Pods Manifest.lock */,
				65E74DCD28F3182700EDFFB6 /* Sources */,
				65E74DCE28F3182700EDFFB6 /* Frameworks */,
				65E74DCF28F3182700EDFFB6 /* Resources */,
				88CCDAB7A53986A15FC0D79B /* [CP] Embed Pods Frameworks */,
			);
			buildRules = (
			);
			dependencies = (
			);
			name = Parstagram;
			productName = Parstagram;
			productReference = 65E74DD128F3182700EDFFB6 /* Parstagram.app */;
			productType = "com.apple.product-type.application";
		};
		65E74DE628F3182B00EDFFB6 /* ParstagramTests */ = {
			isa = PBXNativeTarget;
			buildConfigurationList = 65E74DFE28F3182B00EDFFB6 /* Build configuration list for PBXNativeTarget "ParstagramTests" */;
			buildPhases = (
				136A6EDE4F9F323A41F4670F /* [CP] Check Pods Manifest.lock */,
				65E74DE328F3182B00EDFFB6 /* Sources */,
				65E74DE428F3182B00EDFFB6 /* Frameworks */,
				65E74DE528F3182B00EDFFB6 /* Resources */,
			);
			buildRules = (
			);
			dependencies = (
				65E74DE928F3182B00EDFFB6 /* PBXTargetDependency */,
			);
			name = ParstagramTests;
			productName = ParstagramTests;
			productReference = 65E74DE728F3182B00EDFFB6 /* ParstagramTests.xctest */;
			productType = "com.apple.product-type.bundle.unit-test";
		};
		65E74DF028F3182B00EDFFB6 /* ParstagramUITests */ = {
			isa = PBXNativeTarget;
			buildConfigurationList = 65E74E0128F3182B00EDFFB6 /* Build configuration list for PBXNativeTarget "ParstagramUITests" */;
			buildPhases = (
				DD5797EAA38E77BFF74631C8 /* [CP] Check Pods Manifest.lock */,
				65E74DED28F3182B00EDFFB6 /* Sources */,
				65E74DEE28F3182B00EDFFB6 /* Frameworks */,
				65E74DEF28F3182B00EDFFB6 /* Resources */,
				A5B163BE7CA37E02923BD655 /* [CP] Embed Pods Frameworks */,
			);
			buildRules = (
			);
			dependencies = (
				65E74DF328F3182B00EDFFB6 /* PBXTargetDependency */,
			);
			name = ParstagramUITests;
			productName = ParstagramUITests;
			productReference = 65E74DF128F3182B00EDFFB6 /* ParstagramUITests.xctest */;
			productType = "com.apple.product-type.bundle.ui-testing";
		};
/* End PBXNativeTarget section */

/* Begin PBXProject section */
		65E74DC928F3182700EDFFB6 /* Project object */ = {
			isa = PBXProject;
			attributes = {
				BuildIndependentTargetsInParallel = 1;
				LastSwiftUpdateCheck = 1340;
				LastUpgradeCheck = 1340;
				TargetAttributes = {
					65E74DD028F3182700EDFFB6 = {
						CreatedOnToolsVersion = 13.4.1;
					};
					65E74DE628F3182B00EDFFB6 = {
						CreatedOnToolsVersion = 13.4.1;
						TestTargetID = 65E74DD028F3182700EDFFB6;
					};
					65E74DF028F3182B00EDFFB6 = {
						CreatedOnToolsVersion = 13.4.1;
						TestTargetID = 65E74DD028F3182700EDFFB6;
					};
				};
			};
			buildConfigurationList = 65E74DCC28F3182700EDFFB6 /* Build configuration list for PBXProject "Parstagram" */;
			compatibilityVersion = "Xcode 13.0";
			developmentRegion = en;
			hasScannedForEncodings = 0;
			knownRegions = (
				en,
				Base,
			);
			mainGroup = 65E74DC828F3182700EDFFB6;
			productRefGroup = 65E74DD228F3182700EDFFB6 /* Products */;
			projectDirPath = "";
			projectRoot = "";
			targets = (
				65E74DD028F3182700EDFFB6 /* Parstagram */,
				65E74DE628F3182B00EDFFB6 /* ParstagramTests */,
				65E74DF028F3182B00EDFFB6 /* ParstagramUITests */,
			);
		};
/* End PBXProject section */

/* Begin PBXResourcesBuildPhase section */
		65E74DCF28F3182700EDFFB6 /* Resources */ = {
			isa = PBXResourcesBuildPhase;
			buildActionMask = 2147483647;
			files = (
				65E74DE128F3182A00EDFFB6 /* LaunchScreen.storyboard in Resources */,
				65E74DDE28F3182A00EDFFB6 /* Assets.xcassets in Resources */,
				65E74DDC28F3182700EDFFB6 /* Main.storyboard in Resources */,
			);
			runOnlyForDeploymentPostprocessing = 0;
		};
		65E74DE528F3182B00EDFFB6 /* Resources */ = {
			isa = PBXResourcesBuildPhase;
			buildActionMask = 2147483647;
			files = (
			);
			runOnlyForDeploymentPostprocessing = 0;
		};
		65E74DEF28F3182B00EDFFB6 /* Resources */ = {
			isa = PBXResourcesBuildPhase;
			buildActionMask = 2147483647;
			files = (
			);
			runOnlyForDeploymentPostprocessing = 0;
		};
/* End PBXResourcesBuildPhase section */

/* Begin PBXShellScriptBuildPhase section */
		136A6EDE4F9F323A41F4670F /* [CP] Check Pods Manifest.lock */ = {
			isa = PBXShellScriptBuildPhase;
			buildActionMask = 2147483647;
			files = (
			);
			inputFileListPaths = (
			);
			inputPaths = (
				"${PODS_PODFILE_DIR_PATH}/Podfile.lock",
				"${PODS_ROOT}/Manifest.lock",
			);
			name = "[CP] Check Pods Manifest.lock";
			outputFileListPaths = (
			);
			outputPaths = (
				"$(DERIVED_FILE_DIR)/Pods-ParstagramTests-checkManifestLockResult.txt",
			);
			runOnlyForDeploymentPostprocessing = 0;
			shellPath = /bin/sh;
			shellScript = "diff \"${PODS_PODFILE_DIR_PATH}/Podfile.lock\" \"${PODS_ROOT}/Manifest.lock\" > /dev/null\nif [ $? != 0 ] ; then\n    # print error to STDERR\n    echo \"error: The sandbox is not in sync with the Podfile.lock. Run 'pod install' or update your CocoaPods installation.\" >&2\n    exit 1\nfi\n# This output is used by Xcode 'outputs' to avoid re-running this script phase.\necho \"SUCCESS\" > \"${SCRIPT_OUTPUT_FILE_0}\"\n";
			showEnvVarsInLog = 0;
		};
		84444B5173B8E0B0B0498228 /* [CP] Check Pods Manifest.lock */ = {
			isa = PBXShellScriptBuildPhase;
			buildActionMask = 2147483647;
			files = (
			);
			inputFileListPaths = (
			);
			inputPaths = (
				"${PODS_PODFILE_DIR_PATH}/Podfile.lock",
				"${PODS_ROOT}/Manifest.lock",
			);
			name = "[CP] Check Pods Manifest.lock";
			outputFileListPaths = (
			);
			outputPaths = (
				"$(DERIVED_FILE_DIR)/Pods-Parstagram-checkManifestLockResult.txt",
			);
			runOnlyForDeploymentPostprocessing = 0;
			shellPath = /bin/sh;
			shellScript = "diff \"${PODS_PODFILE_DIR_PATH}/Podfile.lock\" \"${PODS_ROOT}/Manifest.lock\" > /dev/null\nif [ $? != 0 ] ; then\n    # print error to STDERR\n    echo \"error: The sandbox is not in sync with the Podfile.lock. Run 'pod install' or update your CocoaPods installation.\" >&2\n    exit 1\nfi\n# This output is used by Xcode 'outputs' to avoid re-running this script phase.\necho \"SUCCESS\" > \"${SCRIPT_OUTPUT_FILE_0}\"\n";
			showEnvVarsInLog = 0;
		};
		88CCDAB7A53986A15FC0D79B /* [CP] Embed Pods Frameworks */ = {
			isa = PBXShellScriptBuildPhase;
			buildActionMask = 2147483647;
			files = (
			);
			inputFileListPaths = (
				"${PODS_ROOT}/Target Support Files/Pods-Parstagram/Pods-Parstagram-frameworks-${CONFIGURATION}-input-files.xcfilelist",
			);
			name = "[CP] Embed Pods Frameworks";
			outputFileListPaths = (
				"${PODS_ROOT}/Target Support Files/Pods-Parstagram/Pods-Parstagram-frameworks-${CONFIGURATION}-output-files.xcfilelist",
			);
			runOnlyForDeploymentPostprocessing = 0;
			shellPath = /bin/sh;
			shellScript = "\"${PODS_ROOT}/Target Support Files/Pods-Parstagram/Pods-Parstagram-frameworks.sh\"\n";
			showEnvVarsInLog = 0;
		};
		A5B163BE7CA37E02923BD655 /* [CP] Embed Pods Frameworks */ = {
			isa = PBXShellScriptBuildPhase;
			buildActionMask = 2147483647;
			files = (
			);
			inputFileListPaths = (
				"${PODS_ROOT}/Target Support Files/Pods-Parstagram-ParstagramUITests/Pods-Parstagram-ParstagramUITests-frameworks-${CONFIGURATION}-input-files.xcfilelist",
			);
			name = "[CP] Embed Pods Frameworks";
			outputFileListPaths = (
				"${PODS_ROOT}/Target Support Files/Pods-Parstagram-ParstagramUITests/Pods-Parstagram-ParstagramUITests-frameworks-${CONFIGURATION}-output-files.xcfilelist",
			);
			runOnlyForDeploymentPostprocessing = 0;
			shellPath = /bin/sh;
			shellScript = "\"${PODS_ROOT}/Target Support Files/Pods-Parstagram-ParstagramUITests/Pods-Parstagram-ParstagramUITests-frameworks.sh\"\n";
			showEnvVarsInLog = 0;
		};
		DD5797EAA38E77BFF74631C8 /* [CP] Check Pods Manifest.lock */ = {
			isa = PBXShellScriptBuildPhase;
			buildActionMask = 2147483647;
			files = (
			);
			inputFileListPaths = (
			);
			inputPaths = (
				"${PODS_PODFILE_DIR_PATH}/Podfile.lock",
				"${PODS_ROOT}/Manifest.lock",
			);
			name = "[CP] Check Pods Manifest.lock";
			outputFileListPaths = (
			);
			outputPaths = (
				"$(DERIVED_FILE_DIR)/Pods-Parstagram-ParstagramUITests-checkManifestLockResult.txt",
			);
			runOnlyForDeploymentPostprocessing = 0;
			shellPath = /bin/sh;
			shellScript = "diff \"${PODS_PODFILE_DIR_PATH}/Podfile.lock\" \"${PODS_ROOT}/Manifest.lock\" > /dev/null\nif [ $? != 0 ] ; then\n    # print error to STDERR\n    echo \"error: The sandbox is not in sync with the Podfile.lock. Run 'pod install' or update your CocoaPods installation.\" >&2\n    exit 1\nfi\n# This output is used by Xcode 'outputs' to avoid re-running this script phase.\necho \"SUCCESS\" > \"${SCRIPT_OUTPUT_FILE_0}\"\n";
			showEnvVarsInLog = 0;
		};
/* End PBXShellScriptBuildPhase section */

/* Begin PBXSourcesBuildPhase section */
		65E74DCD28F3182700EDFFB6 /* Sources */ = {
			isa = PBXSourcesBuildPhase;
			buildActionMask = 2147483647;
			files = (
				65EBC6F428F34319004CCEDF /* LoginViewController.swift in Sources */,
				65EBC6F828F35731004CCEDF /* CameraViewController.swift in Sources */,
				65E74DD528F3182700EDFFB6 /* AppDelegate.swift in Sources */,
				65EBC6F628F34333004CCEDF /* FeedViewController.swift in Sources */,
				65E74DD728F3182700EDFFB6 /* SceneDelegate.swift in Sources */,
				65EBC6FC28F483F9004CCEDF /* PostCell.swift in Sources */,
			);
			runOnlyForDeploymentPostprocessing = 0;
		};
		65E74DE328F3182B00EDFFB6 /* Sources */ = {
			isa = PBXSourcesBuildPhase;
			buildActionMask = 2147483647;
			files = (
				65E74DEC28F3182B00EDFFB6 /* ParstagramTests.swift in Sources */,
			);
			runOnlyForDeploymentPostprocessing = 0;
		};
		65E74DED28F3182B00EDFFB6 /* Sources */ = {
			isa = PBXSourcesBuildPhase;
			buildActionMask = 2147483647;
			files = (
				65E74DF828F3182B00EDFFB6 /* ParstagramUITestsLaunchTests.swift in Sources */,
				65E74DF628F3182B00EDFFB6 /* ParstagramUITests.swift in Sources */,
			);
			runOnlyForDeploymentPostprocessing = 0;
		};
/* End PBXSourcesBuildPhase section */

/* Begin PBXTargetDependency section */
		65E74DE928F3182B00EDFFB6 /* PBXTargetDependency */ = {
			isa = PBXTargetDependency;
			target = 65E74DD028F3182700EDFFB6 /* Parstagram */;
			targetProxy = 65E74DE828F3182B00EDFFB6 /* PBXContainerItemProxy */;
		};
		65E74DF328F3182B00EDFFB6 /* PBXTargetDependency */ = {
			isa = PBXTargetDependency;
			target = 65E74DD028F3182700EDFFB6 /* Parstagram */;
			targetProxy = 65E74DF228F3182B00EDFFB6 /* PBXContainerItemProxy */;
		};
/* End PBXTargetDependency section */

/* Begin PBXVariantGroup section */
		65E74DDA28F3182700EDFFB6 /* Main.storyboard */ = {
			isa = PBXVariantGroup;
			children = (
				65E74DDB28F3182700EDFFB6 /* Base */,
			);
			name = Main.storyboard;
			sourceTree = "<group>";
		};
		65E74DDF28F3182A00EDFFB6 /* LaunchScreen.storyboard */ = {
			isa = PBXVariantGroup;
			children = (
				65E74DE028F3182A00EDFFB6 /* Base */,
			);
			name = LaunchScreen.storyboard;
			sourceTree = "<group>";
		};
/* End PBXVariantGroup section */

/* Begin XCBuildConfiguration section */
		65E74DF928F3182B00EDFFB6 /* Debug */ = {
			isa = XCBuildConfiguration;
			buildSettings = {
				ALWAYS_SEARCH_USER_PATHS = NO;
				CLANG_ANALYZER_NONNULL = YES;
				CLANG_ANALYZER_NUMBER_OBJECT_CONVERSION = YES_AGGRESSIVE;
				CLANG_CXX_LANGUAGE_STANDARD = "gnu++17";
				CLANG_ENABLE_MODULES = YES;
				CLANG_ENABLE_OBJC_ARC = YES;
				CLANG_ENABLE_OBJC_WEAK = YES;
				CLANG_WARN_BLOCK_CAPTURE_AUTORELEASING = YES;
				CLANG_WARN_BOOL_CONVERSION = YES;
				CLANG_WARN_COMMA = YES;
				CLANG_WARN_CONSTANT_CONVERSION = YES;
				CLANG_WARN_DEPRECATED_OBJC_IMPLEMENTATIONS = YES;
				CLANG_WARN_DIRECT_OBJC_ISA_USAGE = YES_ERROR;
				CLANG_WARN_DOCUMENTATION_COMMENTS = YES;
				CLANG_WARN_EMPTY_BODY = YES;
				CLANG_WARN_ENUM_CONVERSION = YES;
				CLANG_WARN_INFINITE_RECURSION = YES;
				CLANG_WARN_INT_CONVERSION = YES;
				CLANG_WARN_NON_LITERAL_NULL_CONVERSION = YES;
				CLANG_WARN_OBJC_IMPLICIT_RETAIN_SELF = YES;
				CLANG_WARN_OBJC_LITERAL_CONVERSION = YES;
				CLANG_WARN_OBJC_ROOT_CLASS = YES_ERROR;
				CLANG_WARN_QUOTED_INCLUDE_IN_FRAMEWORK_HEADER = YES;
				CLANG_WARN_RANGE_LOOP_ANALYSIS = YES;
				CLANG_WARN_STRICT_PROTOTYPES = YES;
				CLANG_WARN_SUSPICIOUS_MOVE = YES;
				CLANG_WARN_UNGUARDED_AVAILABILITY = YES_AGGRESSIVE;
				CLANG_WARN_UNREACHABLE_CODE = YES;
				CLANG_WARN__DUPLICATE_METHOD_MATCH = YES;
				COPY_PHASE_STRIP = NO;
				DEBUG_INFORMATION_FORMAT = dwarf;
				ENABLE_STRICT_OBJC_MSGSEND = YES;
				ENABLE_TESTABILITY = YES;
				GCC_C_LANGUAGE_STANDARD = gnu11;
				GCC_DYNAMIC_NO_PIC = NO;
				GCC_NO_COMMON_BLOCKS = YES;
				GCC_OPTIMIZATION_LEVEL = 0;
				GCC_PREPROCESSOR_DEFINITIONS = (
					"DEBUG=1",
					"$(inherited)",
				);
				GCC_WARN_64_TO_32_BIT_CONVERSION = YES;
				GCC_WARN_ABOUT_RETURN_TYPE = YES_ERROR;
				GCC_WARN_UNDECLARED_SELECTOR = YES;
				GCC_WARN_UNINITIALIZED_AUTOS = YES_AGGRESSIVE;
				GCC_WARN_UNUSED_FUNCTION = YES;
				GCC_WARN_UNUSED_VARIABLE = YES;
				IPHONEOS_DEPLOYMENT_TARGET = 15.5;
				MTL_ENABLE_DEBUG_INFO = INCLUDE_SOURCE;
				MTL_FAST_MATH = YES;
				ONLY_ACTIVE_ARCH = YES;
				SDKROOT = iphoneos;
				SWIFT_ACTIVE_COMPILATION_CONDITIONS = DEBUG;
				SWIFT_OPTIMIZATION_LEVEL = "-Onone";
			};
			name = Debug;
		};
		65E74DFA28F3182B00EDFFB6 /* Release */ = {
			isa = XCBuildConfiguration;
			buildSettings = {
				ALWAYS_SEARCH_USER_PATHS = NO;
				CLANG_ANALYZER_NONNULL = YES;
				CLANG_ANALYZER_NUMBER_OBJECT_CONVERSION = YES_AGGRESSIVE;
				CLANG_CXX_LANGUAGE_STANDARD = "gnu++17";
				CLANG_ENABLE_MODULES = YES;
				CLANG_ENABLE_OBJC_ARC = YES;
				CLANG_ENABLE_OBJC_WEAK = YES;
				CLANG_WARN_BLOCK_CAPTURE_AUTORELEASING = YES;
				CLANG_WARN_BOOL_CONVERSION = YES;
				CLANG_WARN_COMMA = YES;
				CLANG_WARN_CONSTANT_CONVERSION = YES;
				CLANG_WARN_DEPRECATED_OBJC_IMPLEMENTATIONS = YES;
				CLANG_WARN_DIRECT_OBJC_ISA_USAGE = YES_ERROR;
				CLANG_WARN_DOCUMENTATION_COMMENTS = YES;
				CLANG_WARN_EMPTY_BODY = YES;
				CLANG_WARN_ENUM_CONVERSION = YES;
				CLANG_WARN_INFINITE_RECURSION = YES;
				CLANG_WARN_INT_CONVERSION = YES;
				CLANG_WARN_NON_LITERAL_NULL_CONVERSION = YES;
				CLANG_WARN_OBJC_IMPLICIT_RETAIN_SELF = YES;
				CLANG_WARN_OBJC_LITERAL_CONVERSION = YES;
				CLANG_WARN_OBJC_ROOT_CLASS = YES_ERROR;
				CLANG_WARN_QUOTED_INCLUDE_IN_FRAMEWORK_HEADER = YES;
				CLANG_WARN_RANGE_LOOP_ANALYSIS = YES;
				CLANG_WARN_STRICT_PROTOTYPES = YES;
				CLANG_WARN_SUSPICIOUS_MOVE = YES;
				CLANG_WARN_UNGUARDED_AVAILABILITY = YES_AGGRESSIVE;
				CLANG_WARN_UNREACHABLE_CODE = YES;
				CLANG_WARN__DUPLICATE_METHOD_MATCH = YES;
				COPY_PHASE_STRIP = NO;
				DEBUG_INFORMATION_FORMAT = "dwarf-with-dsym";
				ENABLE_NS_ASSERTIONS = NO;
				ENABLE_STRICT_OBJC_MSGSEND = YES;
				GCC_C_LANGUAGE_STANDARD = gnu11;
				GCC_NO_COMMON_BLOCKS = YES;
				GCC_WARN_64_TO_32_BIT_CONVERSION = YES;
				GCC_WARN_ABOUT_RETURN_TYPE = YES_ERROR;
				GCC_WARN_UNDECLARED_SELECTOR = YES;
				GCC_WARN_UNINITIALIZED_AUTOS = YES_AGGRESSIVE;
				GCC_WARN_UNUSED_FUNCTION = YES;
				GCC_WARN_UNUSED_VARIABLE = YES;
				IPHONEOS_DEPLOYMENT_TARGET = 15.5;
				MTL_ENABLE_DEBUG_INFO = NO;
				MTL_FAST_MATH = YES;
				SDKROOT = iphoneos;
				SWIFT_COMPILATION_MODE = wholemodule;
				SWIFT_OPTIMIZATION_LEVEL = "-O";
				VALIDATE_PRODUCT = YES;
			};
			name = Release;
		};
		65E74DFC28F3182B00EDFFB6 /* Debug */ = {
			isa = XCBuildConfiguration;
			baseConfigurationReference = 14484FDA0D296F04415FEBA6 /* Pods-Parstagram.debug.xcconfig */;
			buildSettings = {
				ASSETCATALOG_COMPILER_APPICON_NAME = AppIcon;
				ASSETCATALOG_COMPILER_GLOBAL_ACCENT_COLOR_NAME = AccentColor;
				CODE_SIGN_STYLE = Automatic;
				CURRENT_PROJECT_VERSION = 1;
				DEVELOPMENT_TEAM = B7FQ6454F9;
				GENERATE_INFOPLIST_FILE = YES;
				INFOPLIST_FILE = Parstagram/Info.plist;
				INFOPLIST_KEY_UIApplicationSupportsIndirectInputEvents = YES;
				INFOPLIST_KEY_UILaunchStoryboardName = LaunchScreen;
				INFOPLIST_KEY_UIMainStoryboardFile = Main;
				INFOPLIST_KEY_UISupportedInterfaceOrientations_iPad = "UIInterfaceOrientationPortrait UIInterfaceOrientationPortraitUpsideDown UIInterfaceOrientationLandscapeLeft UIInterfaceOrientationLandscapeRight";
				INFOPLIST_KEY_UISupportedInterfaceOrientations_iPhone = "UIInterfaceOrientationPortrait UIInterfaceOrientationLandscapeLeft UIInterfaceOrientationLandscapeRight";
				LD_RUNPATH_SEARCH_PATHS = (
					"$(inherited)",
					"@executable_path/Frameworks",
				);
				MARKETING_VERSION = 1.0;
				PRODUCT_BUNDLE_IDENTIFIER = com.codepath.Parstagram;
				PRODUCT_NAME = "$(TARGET_NAME)";
				SWIFT_EMIT_LOC_STRINGS = YES;
				SWIFT_VERSION = 5.0;
				TARGETED_DEVICE_FAMILY = "1,2";
			};
			name = Debug;
		};
		65E74DFD28F3182B00EDFFB6 /* Release */ = {
			isa = XCBuildConfiguration;
			baseConfigurationReference = 18FC6421074AC6F59DE899A3 /* Pods-Parstagram.release.xcconfig */;
			buildSettings = {
				ASSETCATALOG_COMPILER_APPICON_NAME = AppIcon;
				ASSETCATALOG_COMPILER_GLOBAL_ACCENT_COLOR_NAME = AccentColor;
				CODE_SIGN_STYLE = Automatic;
				CURRENT_PROJECT_VERSION = 1;
				DEVELOPMENT_TEAM = B7FQ6454F9;
				GENERATE_INFOPLIST_FILE = YES;
				INFOPLIST_FILE = Parstagram/Info.plist;
				INFOPLIST_KEY_UIApplicationSupportsIndirectInputEvents = YES;
				INFOPLIST_KEY_UILaunchStoryboardName = LaunchScreen;
				INFOPLIST_KEY_UIMainStoryboardFile = Main;
				INFOPLIST_KEY_UISupportedInterfaceOrientations_iPad = "UIInterfaceOrientationPortrait UIInterfaceOrientationPortraitUpsideDown UIInterfaceOrientationLandscapeLeft UIInterfaceOrientationLandscapeRight";
				INFOPLIST_KEY_UISupportedInterfaceOrientations_iPhone = "UIInterfaceOrientationPortrait UIInterfaceOrientationLandscapeLeft UIInterfaceOrientationLandscapeRight";
				LD_RUNPATH_SEARCH_PATHS = (
					"$(inherited)",
					"@executable_path/Frameworks",
				);
				MARKETING_VERSION = 1.0;
				PRODUCT_BUNDLE_IDENTIFIER = com.codepath.Parstagram;
				PRODUCT_NAME = "$(TARGET_NAME)";
				SWIFT_EMIT_LOC_STRINGS = YES;
				SWIFT_VERSION = 5.0;
				TARGETED_DEVICE_FAMILY = "1,2";
			};
			name = Release;
		};
		65E74DFF28F3182B00EDFFB6 /* Debug */ = {
			isa = XCBuildConfiguration;
			baseConfigurationReference = CE4A93E223A0F082935049AF /* Pods-ParstagramTests.debug.xcconfig */;
			buildSettings = {
				ALWAYS_EMBED_SWIFT_STANDARD_LIBRARIES = YES;
				BUNDLE_LOADER = "$(TEST_HOST)";
				CODE_SIGN_STYLE = Automatic;
				CURRENT_PROJECT_VERSION = 1;
				DEVELOPMENT_TEAM = B7FQ6454F9;
				GENERATE_INFOPLIST_FILE = YES;
				IPHONEOS_DEPLOYMENT_TARGET = 15.5;
				MARKETING_VERSION = 1.0;
				PRODUCT_BUNDLE_IDENTIFIER = com.codepath.ParstagramTests;
				PRODUCT_NAME = "$(TARGET_NAME)";
				SWIFT_EMIT_LOC_STRINGS = NO;
				SWIFT_VERSION = 5.0;
				TARGETED_DEVICE_FAMILY = "1,2";
				TEST_HOST = "$(BUILT_PRODUCTS_DIR)/Parstagram.app/Parstagram";
			};
			name = Debug;
		};
		65E74E0028F3182B00EDFFB6 /* Release */ = {
			isa = XCBuildConfiguration;
			baseConfigurationReference = 09049D3E4A2C250FA77A5F2A /* Pods-ParstagramTests.release.xcconfig */;
			buildSettings = {
				ALWAYS_EMBED_SWIFT_STANDARD_LIBRARIES = YES;
				BUNDLE_LOADER = "$(TEST_HOST)";
				CODE_SIGN_STYLE = Automatic;
				CURRENT_PROJECT_VERSION = 1;
				DEVELOPMENT_TEAM = B7FQ6454F9;
				GENERATE_INFOPLIST_FILE = YES;
				IPHONEOS_DEPLOYMENT_TARGET = 15.5;
				MARKETING_VERSION = 1.0;
				PRODUCT_BUNDLE_IDENTIFIER = com.codepath.ParstagramTests;
				PRODUCT_NAME = "$(TARGET_NAME)";
				SWIFT_EMIT_LOC_STRINGS = NO;
				SWIFT_VERSION = 5.0;
				TARGETED_DEVICE_FAMILY = "1,2";
				TEST_HOST = "$(BUILT_PRODUCTS_DIR)/Parstagram.app/Parstagram";
			};
			name = Release;
		};
		65E74E0228F3182B00EDFFB6 /* Debug */ = {
			isa = XCBuildConfiguration;
			baseConfigurationReference = 15054123AD9F13077FF61725 /* Pods-Parstagram-ParstagramUITests.debug.xcconfig */;
			buildSettings = {
				ALWAYS_EMBED_SWIFT_STANDARD_LIBRARIES = YES;
				CODE_SIGN_STYLE = Automatic;
				CURRENT_PROJECT_VERSION = 1;
				DEVELOPMENT_TEAM = B7FQ6454F9;
				GENERATE_INFOPLIST_FILE = YES;
				MARKETING_VERSION = 1.0;
				PRODUCT_BUNDLE_IDENTIFIER = com.codepath.ParstagramUITests;
				PRODUCT_NAME = "$(TARGET_NAME)";
				SWIFT_EMIT_LOC_STRINGS = NO;
				SWIFT_VERSION = 5.0;
				TARGETED_DEVICE_FAMILY = "1,2";
				TEST_TARGET_NAME = Parstagram;
			};
			name = Debug;
		};
		65E74E0328F3182B00EDFFB6 /* Release */ = {
			isa = XCBuildConfiguration;
			baseConfigurationReference = C0AB7BA1697BF8C8AA8556A3 /* Pods-Parstagram-ParstagramUITests.release.xcconfig */;
			buildSettings = {
				ALWAYS_EMBED_SWIFT_STANDARD_LIBRARIES = YES;
				CODE_SIGN_STYLE = Automatic;
				CURRENT_PROJECT_VERSION = 1;
				DEVELOPMENT_TEAM = B7FQ6454F9;
				GENERATE_INFOPLIST_FILE = YES;
				MARKETING_VERSION = 1.0;
				PRODUCT_BUNDLE_IDENTIFIER = com.codepath.ParstagramUITests;
				PRODUCT_NAME = "$(TARGET_NAME)";
				SWIFT_EMIT_LOC_STRINGS = NO;
				SWIFT_VERSION = 5.0;
				TARGETED_DEVICE_FAMILY = "1,2";
				TEST_TARGET_NAME = Parstagram;
			};
			name = Release;
		};
/* End XCBuildConfiguration section */

/* Begin XCConfigurationList section */
		65E74DCC28F3182700EDFFB6 /* Build configuration list for PBXProject "Parstagram" */ = {
			isa = XCConfigurationList;
			buildConfigurations = (
				65E74DF928F3182B00EDFFB6 /* Debug */,
				65E74DFA28F3182B00EDFFB6 /* Release */,
			);
			defaultConfigurationIsVisible = 0;
			defaultConfigurationName = Release;
		};
		65E74DFB28F3182B00EDFFB6 /* Build configuration list for PBXNativeTarget "Parstagram" */ = {
			isa = XCConfigurationList;
			buildConfigurations = (
				65E74DFC28F3182B00EDFFB6 /* Debug */,
				65E74DFD28F3182B00EDFFB6 /* Release */,
			);
			defaultConfigurationIsVisible = 0;
			defaultConfigurationName = Release;
		};
		65E74DFE28F3182B00EDFFB6 /* Build configuration list for PBXNativeTarget "ParstagramTests" */ = {
			isa = XCConfigurationList;
			buildConfigurations = (
				65E74DFF28F3182B00EDFFB6 /* Debug */,
				65E74E0028F3182B00EDFFB6 /* Release */,
			);
			defaultConfigurationIsVisible = 0;
			defaultConfigurationName = Release;
		};
		65E74E0128F3182B00EDFFB6 /* Build configuration list for PBXNativeTarget "ParstagramUITests" */ = {
			isa = XCConfigurationList;
			buildConfigurations = (
				65E74E0228F3182B00EDFFB6 /* Debug */,
				65E74E0328F3182B00EDFFB6 /* Release */,
			);
			defaultConfigurationIsVisible = 0;
			defaultConfigurationName = Release;
		};
/* End XCConfigurationList section */
	};
	rootObject = 65E74DC928F3182700EDFFB6 /* Project object */;
}
